
Microsoft Visual Studio Solution File, Format Version 12.00
# Visual Studio Version 17
VisualStudioVersion = 17.6.33723.286
MinimumVisualStudioVersion = 10.0.40219.1
Project("{FAE04EC0-301F-11D3-BF4B-00C04F79EFBC}") = "09_Day of the Programmer", "09_Day of the Programmer\09_Day of the Programmer.csproj", "{2038984C-19C7-404A-9966-66296E9E4292}"
EndProject
Global
	GlobalSection(SolutionConfigurationPlatforms) = preSolution
		Debug|Any CPU = Debug|Any CPU
		Release|Any CPU = Release|Any CPU
	EndGlobalSection
	GlobalSection(ProjectConfigurationPlatforms) = postSolution
		{2038984C-19C7-404A-9966-66296E9E4292}.Debug|Any CPU.ActiveCfg = Debug|Any CPU
		{2038984C-19C7-404A-9966-66296E9E4292}.Debug|Any CPU.Build.0 = Debug|Any CPU
		{2038984C-19C7-404A-9966-66296E9E4292}.Release|Any CPU.ActiveCfg = Release|Any CPU
		{2038984C-19C7-404A-9966-66296E9E4292}.Release|Any CPU.Build.0 = Release|Any CPU
	EndGlobalSection
	GlobalSection(SolutionProperties) = preSolution
		HideSolutionNode = FALSE
	EndGlobalSection
	GlobalSection(ExtensibilityGlobals) = postSolution
		SolutionGuid = {8C7CC20B-C02D-4499-9856-78998BE05B20}
	EndGlobalSection
EndGlobal
