
Microsoft Visual Studio Solution File, Format Version 12.00
# Visual Studio Version 17
VisualStudioVersion = 17.5.33530.505
MinimumVisualStudioVersion = 10.0.40219.1
Project("{FAE04EC0-301F-11D3-BF4B-00C04F79EFBC}") = "07_Divisible Sum Pairs", "07_Divisible Sum Pairs\07_Divisible Sum Pairs.csproj", "{DF198F56-B5BF-42CD-9146-FF0B92E434C3}"
EndProject
Global
	GlobalSection(SolutionConfigurationPlatforms) = preSolution
		Debug|Any CPU = Debug|Any CPU
		Release|Any CPU = Release|Any CPU
	EndGlobalSection
	GlobalSection(ProjectConfigurationPlatforms) = postSolution
		{DF198F56-B5BF-42CD-9146-FF0B92E434C3}.Debug|Any CPU.ActiveCfg = Debug|Any CPU
		{DF198F56-B5BF-42CD-9146-FF0B92E434C3}.Debug|Any CPU.Build.0 = Debug|Any CPU
		{DF198F56-B5BF-42CD-9146-FF0B92E434C3}.Release|Any CPU.ActiveCfg = Release|Any CPU
		{DF198F56-B5BF-42CD-9146-FF0B92E434C3}.Release|Any CPU.Build.0 = Release|Any CPU
	EndGlobalSection
	GlobalSection(SolutionProperties) = preSolution
		HideSolutionNode = FALSE
	EndGlobalSection
	GlobalSection(ExtensibilityGlobals) = postSolution
		SolutionGuid = {A28C7649-E37B-4F03-8F9D-537F3170C535}
	EndGlobalSection
EndGlobal
